// !$*UTF8*$!
{
	archiveVersion = 1;
	classes = {
	};
	objectVersion = 46;
	objects = {

/* Begin PBXBuildFile section */
		DC8D28841C74BA6C006582F2 /* main.m in Sources */ = {isa = PBXBuildFile; fileRef = DC8D28831C74BA6C006582F2 /* main.m */; };
		DC8D28871C74BA6C006582F2 /* AppDelegate.m in Sources */ = {isa = PBXBuildFile; fileRef = DC8D28861C74BA6C006582F2 /* AppDelegate.m */; };
		DC8D288A1C74BA6C006582F2 /* ViewController.m in Sources */ = {isa = PBXBuildFile; fileRef = DC8D28891C74BA6C006582F2 /* ViewController.m */; };
		DC8D288D1C74BA6C006582F2 /* Main.storyboard in Resources */ = {isa = PBXBuildFile; fileRef = DC8D288B1C74BA6C006582F2 /* Main.storyboard */; };
		DC8D288F1C74BA6C006582F2 /* Assets.xcassets in Resources */ = {isa = PBXBuildFile; fileRef = DC8D288E1C74BA6C006582F2 /* Assets.xcassets */; };
		DC8D28921C74BA6C006582F2 /* LaunchScreen.storyboard in Resources */ = {isa = PBXBuildFile; fileRef = DC8D28901C74BA6C006582F2 /* LaunchScreen.storyboard */; };
/* End PBXBuildFile section */

/* Begin PBXFileReference section */
		DC8D287F1C74BA6C006582F2 /* InhouseDistribution.app */ = {isa = PBXFileReference; explicitFileType = wrapper.application; includeInIndex = 0; path = InhouseDistribution.app; sourceTree = BUILT_PRODUCTS_DIR; };
		DC8D28831C74BA6C006582F2 /* main.m */ = {isa = PBXFileReference; lastKnownFileType = sourcecode.c.objc; path = main.m; sourceTree = "<group>"; };
		DC8D28851C74BA6C006582F2 /* AppDelegate.h */ = {isa = PBXFileReference; lastKnownFileType = sourcecode.c.h; path = AppDelegate.h; sourceTree = "<group>"; };
		DC8D28861C74BA6C006582F2 /* AppDelegate.m */ = {isa = PBXFileReference; lastKnownFileType = sourcecode.c.objc; path = AppDelegate.m; sourceTree = "<group>"; };
		DC8D28881C74BA6C006582F2 /* ViewController.h */ = {isa = PBXFileReference; lastKnownFileType = sourcecode.c.h; path = ViewController.h; sourceTree = "<group>"; };
		DC8D28891C74BA6C006582F2 /* ViewController.m */ = {isa = PBXFileReference; lastKnownFileType = sourcecode.c.objc; path = ViewController.m; sourceTree = "<group>"; };
		DC8D288C1C74BA6C006582F2 /* Base */ = {isa = PBXFileReference; lastKnownFileType = file.storyboard; name = Base; path = Base.lproj/Main.storyboard; sourceTree = "<group>"; };
		DC8D288E1C74BA6C006582F2 /* Assets.xcassets */ = {isa = PBXFileReference; lastKnownFileType = folder.assetcatalog; path = Assets.xcassets; sourceTree = "<group>"; };
		DC8D28911C74BA6C006582F2 /* Base */ = {isa = PBXFileReference; lastKnownFileType = file.storyboard; name = Base; path = Base.lproj/LaunchScreen.storyboard; sourceTree = "<group>"; };
		DC8D28931C74BA6C006582F2 /* Info.plist */ = {isa = PBXFileReference; lastKnownFileType = text.plist.xml; path = Info.plist; sourceTree = "<group>"; };
/* End PBXFileReference section */

/* Begin PBXFrameworksBuildPhase section */
		DC8D287C1C74BA6C006582F2 /* Frameworks */ = {
			isa = PBXFrameworksBuildPhase;
			buildActionMask = 2147483647;
			files = (
			);
			runOnlyForDeploymentPostprocessing = 0;
		};
/* End PBXFrameworksBuildPhase section */

/* Begin PBXGroup section */
		DC8D28761C74BA6C006582F2 = {
			isa = PBXGroup;
			children = (
				DC8D28811C74BA6C006582F2 /* InhouseDistribution */,
				DC8D28801C74BA6C006582F2 /* Products */,
			);
			sourceTree = "<group>";
		};
		DC8D28801C74BA6C006582F2 /* Products */ = {
			isa = PBXGroup;
			children = (
				DC8D287F1C74BA6C006582F2 /* InhouseDistribution.app */,
			);
			name = Products;
			sourceTree = "<group>";
		};
		DC8D28811C74BA6C006582F2 /* InhouseDistribution */ = {
			isa = PBXGroup;
			children = (
				DC8D28851C74BA6C006582F2 /* AppDelegate.h */,
				DC8D28861C74BA6C006582F2 /* AppDelegate.m */,
				DC8D28881C74BA6C006582F2 /* ViewController.h */,
				DC8D28891C74BA6C006582F2 /* ViewController.m */,
				DC8D288B1C74BA6C006582F2 /* Main.storyboard */,
				DC8D288E1C74BA6C006582F2 /* Assets.xcassets */,
				DC8D28901C74BA6C006582F2 /* LaunchScreen.storyboard */,
				DC8D28931C74BA6C006582F2 /* Info.plist */,
				DC8D28821C74BA6C006582F2 /* Supporting Files */,
			);
			path = InhouseDistribution;
			sourceTree = "<group>";
		};
		DC8D28821C74BA6C006582F2 /* Supporting Files */ = {
			isa = PBXGroup;
			children = (
				DC8D28831C74BA6C006582F2 /* main.m */,
			);
			name = "Supporting Files";
			sourceTree = "<group>";
		};
/* End PBXGroup section */

/* Begin PBXNativeTarget section */
		DC8D287E1C74BA6C006582F2 /* InhouseDistribution */ = {
			isa = PBXNativeTarget;
			buildConfigurationList = DC8D28961C74BA6C006582F2 /* Build configuration list for PBXNativeTarget "InhouseDistribution" */;
			buildPhases = (
				DC8D287B1C74BA6C006582F2 /* Sources */,
				DC8D287C1C74BA6C006582F2 /* Frameworks */,
				DC8D287D1C74BA6C006582F2 /* Resources */,
			);
			buildRules = (
			);
			dependencies = (
			);
			name = InhouseDistribution;
			productName = InhouseDistribution;
			productReference = DC8D287F1C74BA6C006582F2 /* InhouseDistribution.app */;
			productType = "com.apple.product-type.application";
		};
/* End PBXNativeTarget section */

/* Begin PBXProject section */
		DC8D28771C74BA6C006582F2 /* Project object */ = {
			isa = PBXProject;
			attributes = {
				LastUpgradeCheck = 0720;
				ORGANIZATIONNAME = "Leiyou Who";
				TargetAttributes = {
					DC8D287E1C74BA6C006582F2 = {
						CreatedOnToolsVersion = 7.2;
					};
				};
			};
			buildConfigurationList = DC8D287A1C74BA6C006582F2 /* Build configuration list for PBXProject "InhouseDistribution" */;
			compatibilityVersion = "Xcode 3.2";
			developmentRegion = English;
			hasScannedForEncodings = 0;
			knownRegions = (
				en,
				Base,
			);
			mainGroup = DC8D28761C74BA6C006582F2;
			productRefGroup = DC8D28801C74BA6C006582F2 /* Products */;
			projectDirPath = "";
			projectRoot = "";
			targets = (
				DC8D287E1C74BA6C006582F2 /* InhouseDistribution */,
			);
		};
/* End PBXProject section */

/* Begin PBXResourcesBuildPhase section */
		DC8D287D1C74BA6C006582F2 /* Resources */ = {
			isa = PBXResourcesBuildPhase;
			buildActionMask = 2147483647;
			files = (
				DC8D28921C74BA6C006582F2 /* LaunchScreen.storyboard in Resources */,
				DC8D288F1C74BA6C006582F2 /* Assets.xcassets in Resources */,
				DC8D288D1C74BA6C006582F2 /* Main.storyboard in Resources */,
			);
			runOnlyForDeploymentPostprocessing = 0;
		};
/* End PBXResourcesBuildPhase section */

/* Begin PBXSourcesBuildPhase section */
		DC8D287B1C74BA6C006582F2 /* Sources */ = {
			isa = PBXSourcesBuildPhase;
			buildActionMask = 2147483647;
			files = (
				DC8D288A1C74BA6C006582F2 /* ViewController.m in Sources */,
				DC8D28871C74BA6C006582F2 /* AppDelegate.m in Sources */,
				DC8D28841C74BA6C006582F2 /* main.m in Sources */,
			);
			runOnlyForDeploymentPostprocessing = 0;
		};
/* End PBXSourcesBuildPhase section */

/* Begin PBXVariantGroup section */
		DC8D288B1C74BA6C006582F2 /* Main.storyboard */ = {
			isa = PBXVariantGroup;
			children = (
				DC8D288C1C74BA6C006582F2 /* Base */,
			);
			name = Main.storyboard;
			sourceTree = "<group>";
		};
		DC8D28901C74BA6C006582F2 /* LaunchScreen.storyboard */ = {
			isa = PBXVariantGroup;
			children = (
				DC8D28911C74BA6C006582F2 /* Base */,
			);
			name = LaunchScreen.storyboard;
			sourceTree = "<group>";
		};
/* End PBXVariantGroup section */

/* Begin XCBuildConfiguration section */
		DC8D28941C74BA6C006582F2 /* Debug */ = {
			isa = XCBuildConfiguration;
			buildSettings = {
				ALWAYS_SEARCH_USER_PATHS = NO;
				CLANG_CXX_LANGUAGE_STANDARD = "gnu++0x";
				CLANG_CXX_LIBRARY = "libc++";
				CLANG_ENABLE_MODULES = YES;
				CLANG_ENABLE_OBJC_ARC = YES;
				CLANG_WARN_BOOL_CONVERSION = YES;
				CLANG_WARN_CONSTANT_CONVERSION = YES;
				CLANG_WARN_DIRECT_OBJC_ISA_USAGE = YES_ERROR;
				CLANG_WARN_EMPTY_BODY = YES;
				CLANG_WARN_ENUM_CONVERSION = YES;
				CLANG_WARN_INT_CONVERSION = YES;
				CLANG_WARN_OBJC_ROOT_CLASS = YES_ERROR;
				CLANG_WARN_UNREACHABLE_CODE = YES;
				CLANG_WARN__DUPLICATE_METHOD_MATCH = YES;
				"CODE_SIGN_IDENTITY[sdk=iphoneos*]" = "iPhone Developer";
				COPY_PHASE_STRIP = NO;
				DEBUG_INFORMATION_FORMAT = dwarf;
				ENABLE_STRICT_OBJC_MSGSEND = YES;
				ENABLE_TESTABILITY = YES;
				GCC_C_LANGUAGE_STANDARD = gnu99;
				GCC_DYNAMIC_NO_PIC = NO;
				GCC_NO_COMMON_BLOCKS = YES;
				GCC_OPTIMIZATION_LEVEL = 0;
				GCC_PREPROCESSOR_DEFINITIONS = (
					"DEBUG=1",
					"$(inherited)",
				);
				GCC_WARN_64_TO_32_BIT_CONVERSION = YES;
				GCC_WARN_ABOUT_RETURN_TYPE = YES_ERROR;
				GCC_WARN_UNDECLARED_SELECTOR = YES;
				GCC_WARN_UNINITIALIZED_AUTOS = YES_AGGRESSIVE;
				GCC_WARN_UNUSED_FUNCTION = YES;
				GCC_WARN_UNUSED_VARIABLE = YES;
				IPHONEOS_DEPLOYMENT_TARGET = 9.2;
				MTL_ENABLE_DEBUG_INFO = YES;
				ONLY_ACTIVE_ARCH = YES;
				SDKROOT = iphoneos;
				TARGETED_DEVICE_FAMILY = "1,2";
			};
			name = Debug;
		};
		DC8D28951C74BA6C006582F2 /* Release */ = {
			isa = XCBuildConfiguration;
			buildSettings = {
				ALWAYS_SEARCH_USER_PATHS = NO;
				CLANG_CXX_LANGUAGE_STANDARD = "gnu++0x";
				CLANG_CXX_LIBRARY = "libc++";
				CLANG_ENABLE_MODULES = YES;
				CLANG_ENABLE_OBJC_ARC = YES;
				CLANG_WARN_BOOL_CONVERSION = YES;
				CLANG_WARN_CONSTANT_CONVERSION = YES;
				CLANG_WARN_DIRECT_OBJC_ISA_USAGE = YES_ERROR;
				CLANG_WARN_EMPTY_BODY = YES;
				CLANG_WARN_ENUM_CONVERSION = YES;
				CLANG_WARN_INT_CONVERSION = YES;
				CLANG_WARN_OBJC_ROOT_CLASS = YES_ERROR;
				CLANG_WARN_UNREACHABLE_CODE = YES;
				CLANG_WARN__DUPLICATE_METHOD_MATCH = YES;
				"CODE_SIGN_IDENTITY[sdk=iphoneos*]" = "iPhone Developer";
				COPY_PHASE_STRIP = NO;
				DEBUG_INFORMATION_FORMAT = "dwarf-with-dsym";
				ENABLE_NS_ASSERTIONS = NO;
				ENABLE_STRICT_OBJC_MSGSEND = YES;
				GCC_C_LANGUAGE_STANDARD = gnu99;
				GCC_NO_COMMON_BLOCKS = YES;
				GCC_WARN_64_TO_32_BIT_CONVERSION = YES;
				GCC_WARN_ABOUT_RETURN_TYPE = YES_ERROR;
				GCC_WARN_UNDECLARED_SELECTOR = YES;
				GCC_WARN_UNINITIALIZED_AUTOS = YES_AGGRESSIVE;
				GCC_WARN_UNUSED_FUNCTION = YES;
				GCC_WARN_UNUSED_VARIABLE = YES;
				IPHONEOS_DEPLOYMENT_TARGET = 9.2;
				MTL_ENABLE_DEBUG_INFO = NO;
				SDKROOT = iphoneos;
				TARGETED_DEVICE_FAMILY = "1,2";
				VALIDATE_PRODUCT = YES;
			};
			name = Release;
		};
		DC8D28971C74BA6C006582F2 /* Debug */ = {
			isa = XCBuildConfiguration;
			buildSettings = {
				ASSETCATALOG_COMPILER_APPICON_NAME = AppIcon;
				INFOPLIST_FILE = InhouseDistribution/Info.plist;
				LD_RUNPATH_SEARCH_PATHS = "$(inherited) @executable_path/Frameworks";
				PRODUCT_BUNDLE_IDENTIFIER = com.leiyou.InhouseDistribution;
				PRODUCT_NAME = "$(TARGET_NAME)";
			};
			name = Debug;
		};
		DC8D28981C74BA6C006582F2 /* Release */ = {
			isa = XCBuildConfiguration;
			buildSettings = {
				ASSETCATALOG_COMPILER_APPICON_NAME = AppIcon;
				INFOPLIST_FILE = InhouseDistribution/Info.plist;
				LD_RUNPATH_SEARCH_PATHS = "$(inherited) @executable_path/Frameworks";
				PRODUCT_BUNDLE_IDENTIFIER = com.leiyou.InhouseDistribution;
				PRODUCT_NAME = "$(TARGET_NAME)";
			};
			name = Release;
		};
/* End XCBuildConfiguration section */

/* Begin XCConfigurationList section */
		DC8D287A1C74BA6C006582F2 /* Build configuration list for PBXProject "InhouseDistribution" */ = {
			isa = XCConfigurationList;
			buildConfigurations = (
				DC8D28941C74BA6C006582F2 /* Debug */,
				DC8D28951C74BA6C006582F2 /* Release */,
			);
			defaultConfigurationIsVisible = 0;
			defaultConfigurationName = Release;
		};
		DC8D28961C74BA6C006582F2 /* Build configuration list for PBXNativeTarget "InhouseDistribution" */ = {
			isa = XCConfigurationList;
			buildConfigurations = (
				DC8D28971C74BA6C006582F2 /* Debug */,
				DC8D28981C74BA6C006582F2 /* Release */,
			);
			defaultConfigurationIsVisible = 0;
		};
/* End XCConfigurationList section */
	};
	rootObject = DC8D28771C74BA6C006582F2 /* Project object */;
}
